# This file is automatically @generated by Cargo.
# It is not intended for manual editing.
[[package]]
name = "biorust"
version = "0.1.0"
source = "git+https://github.com/amsesk/biorust#5361c6b2444f3c84cdcd7fb18f9225b1ee6c2453"

[[package]]
name = "spdbify"
version = "0.1.0"
dependencies = [
 "biorust",
]
